// !$*UTF8*$!
{
	archiveVersion = 1;
	classes = {
	};
	objectVersion = 52;
	objects = {

/* Begin PBXBuildFile section */
		6450727926A1C33F00427BEA /* MyMovieDBApp.swift in Sources */ = {isa = PBXBuildFile; fileRef = 6450727826A1C33F00427BEA /* MyMovieDBApp.swift */; };
		6450727D26A1C34100427BEA /* Assets.xcassets in Resources */ = {isa = PBXBuildFile; fileRef = 6450727C26A1C34100427BEA /* Assets.xcassets */; };
		6450728026A1C34100427BEA /* Preview Assets.xcassets in Resources */ = {isa = PBXBuildFile; fileRef = 6450727F26A1C34100427BEA /* Preview Assets.xcassets */; };
		6450728826A1C74100427BEA /* MovieCell.swift in Sources */ = {isa = PBXBuildFile; fileRef = 6450728726A1C74100427BEA /* MovieCell.swift */; };
		6450728B26A1C8EA00427BEA /* Kingfisher in Frameworks */ = {isa = PBXBuildFile; productRef = 6450728A26A1C8EA00427BEA /* Kingfisher */; };
		6450728D26A1D16F00427BEA /* CircleProgressBar.swift in Sources */ = {isa = PBXBuildFile; fileRef = 6450728C26A1D16F00427BEA /* CircleProgressBar.swift */; };
		6450728F26A1DAFA00427BEA /* ActorCell.swift in Sources */ = {isa = PBXBuildFile; fileRef = 6450728E26A1DAFA00427BEA /* ActorCell.swift */; };
		6450729126A1F98100427BEA /* SeasonView.swift in Sources */ = {isa = PBXBuildFile; fileRef = 6450729026A1F98100427BEA /* SeasonView.swift */; };
		6468FF4B26E63D940071FF45 /* AppState.swift in Sources */ = {isa = PBXBuildFile; fileRef = 6468FF4A26E63D940071FF45 /* AppState.swift */; };
		6468FF4D26E644630071FF45 /* JSONFetcher.swift in Sources */ = {isa = PBXBuildFile; fileRef = 6468FF4C26E644630071FF45 /* JSONFetcher.swift */; };
		6468FF4F26E64F2B0071FF45 /* SerieMapper.swift in Sources */ = {isa = PBXBuildFile; fileRef = 6468FF4E26E64F2B0071FF45 /* SerieMapper.swift */; };
		6468FF5126E64F340071FF45 /* ActorMapper.swift in Sources */ = {isa = PBXBuildFile; fileRef = 6468FF5026E64F340071FF45 /* ActorMapper.swift */; };
		6468FF5326E64F3D0071FF45 /* SeasonMapper.swift in Sources */ = {isa = PBXBuildFile; fileRef = 6468FF5226E64F3D0071FF45 /* SeasonMapper.swift */; };
		646DB15526A3017F00CF520E /* MovieDetailHeaderView.swift in Sources */ = {isa = PBXBuildFile; fileRef = 646DB15426A3017F00CF520E /* MovieDetailHeaderView.swift */; };
		646DB15726A3079A00CF520E /* MovieCellViewModel.swift in Sources */ = {isa = PBXBuildFile; fileRef = 646DB15626A3079A00CF520E /* MovieCellViewModel.swift */; };
		646DB15D26A3297A00CF520E /* ActorCellViewModel.swift in Sources */ = {isa = PBXBuildFile; fileRef = 646DB15C26A3297A00CF520E /* ActorCellViewModel.swift */; };
		646DB15F26A32A3000CF520E /* SeasonViewModel.swift in Sources */ = {isa = PBXBuildFile; fileRef = 646DB15E26A32A3000CF520E /* SeasonViewModel.swift */; };
		646DB16126A32AFA00CF520E /* MovieDetailHeaderViewModel.swift in Sources */ = {isa = PBXBuildFile; fileRef = 646DB16026A32AFA00CF520E /* MovieDetailHeaderViewModel.swift */; };
		646DB16426A43F9000CF520E /* Actor.swift in Sources */ = {isa = PBXBuildFile; fileRef = 646DB16326A43F9000CF520E /* Actor.swift */; };
		646DB16626A4404300CF520E /* Season.swift in Sources */ = {isa = PBXBuildFile; fileRef = 646DB16526A4404300CF520E /* Season.swift */; };
		646DB16826A4408E00CF520E /* Serie.swift in Sources */ = {isa = PBXBuildFile; fileRef = 646DB16726A4408E00CF520E /* Serie.swift */; };
		646DB16A26A443F300CF520E /* MockedData.swift in Sources */ = {isa = PBXBuildFile; fileRef = 646DB16926A443F300CF520E /* MockedData.swift */; };
		646DB16C26A4464F00CF520E /* MockedMovieRepository.swift in Sources */ = {isa = PBXBuildFile; fileRef = 646DB16B26A4464F00CF520E /* MockedMovieRepository.swift */; };
		646DB16E26A451E800CF520E /* HomeView.swift in Sources */ = {isa = PBXBuildFile; fileRef = 646DB16D26A451E800CF520E /* HomeView.swift */; };
		646DB17226A4653F00CF520E /* RealMovieRepository.swift in Sources */ = {isa = PBXBuildFile; fileRef = 646DB17126A4653F00CF520E /* RealMovieRepository.swift */; };
		646DB17626A6CB9C00CF520E /* Constants.swift in Sources */ = {isa = PBXBuildFile; fileRef = 646DB17526A6CB9C00CF520E /* Constants.swift */; };
		647CD85526C433EE009D0686 /* MovieInteractor.swift in Sources */ = {isa = PBXBuildFile; fileRef = 647CD85426C433EE009D0686 /* MovieInteractor.swift */; };
		647CD85926C442B5009D0686 /* DetailView.swift in Sources */ = {isa = PBXBuildFile; fileRef = 647CD85826C442B5009D0686 /* DetailView.swift */; };
/* End PBXBuildFile section */

/* Begin PBXFileReference section */
		6450727526A1C33F00427BEA /* MyMovieDB.app */ = {isa = PBXFileReference; explicitFileType = wrapper.application; includeInIndex = 0; path = MyMovieDB.app; sourceTree = BUILT_PRODUCTS_DIR; };
		6450727826A1C33F00427BEA /* MyMovieDBApp.swift */ = {isa = PBXFileReference; lastKnownFileType = sourcecode.swift; path = MyMovieDBApp.swift; sourceTree = "<group>"; };
		6450727C26A1C34100427BEA /* Assets.xcassets */ = {isa = PBXFileReference; lastKnownFileType = folder.assetcatalog; path = Assets.xcassets; sourceTree = "<group>"; };
		6450727F26A1C34100427BEA /* Preview Assets.xcassets */ = {isa = PBXFileReference; lastKnownFileType = folder.assetcatalog; path = "Preview Assets.xcassets"; sourceTree = "<group>"; };
		6450728126A1C34100427BEA /* Info.plist */ = {isa = PBXFileReference; lastKnownFileType = text.plist.xml; path = Info.plist; sourceTree = "<group>"; };
		6450728726A1C74100427BEA /* MovieCell.swift */ = {isa = PBXFileReference; lastKnownFileType = sourcecode.swift; path = MovieCell.swift; sourceTree = "<group>"; };
		6450728C26A1D16F00427BEA /* CircleProgressBar.swift */ = {isa = PBXFileReference; lastKnownFileType = sourcecode.swift; path = CircleProgressBar.swift; sourceTree = "<group>"; };
		6450728E26A1DAFA00427BEA /* ActorCell.swift */ = {isa = PBXFileReference; lastKnownFileType = sourcecode.swift; path = ActorCell.swift; sourceTree = "<group>"; };
		6450729026A1F98100427BEA /* SeasonView.swift */ = {isa = PBXFileReference; lastKnownFileType = sourcecode.swift; path = SeasonView.swift; sourceTree = "<group>"; };
		6468FF4A26E63D940071FF45 /* AppState.swift */ = {isa = PBXFileReference; lastKnownFileType = sourcecode.swift; path = AppState.swift; sourceTree = "<group>"; };
		6468FF4C26E644630071FF45 /* JSONFetcher.swift */ = {isa = PBXFileReference; lastKnownFileType = sourcecode.swift; path = JSONFetcher.swift; sourceTree = "<group>"; };
		6468FF4E26E64F2B0071FF45 /* SerieMapper.swift */ = {isa = PBXFileReference; lastKnownFileType = sourcecode.swift; path = SerieMapper.swift; sourceTree = "<group>"; };
		6468FF5026E64F340071FF45 /* ActorMapper.swift */ = {isa = PBXFileReference; lastKnownFileType = sourcecode.swift; path = ActorMapper.swift; sourceTree = "<group>"; };
		6468FF5226E64F3D0071FF45 /* SeasonMapper.swift */ = {isa = PBXFileReference; lastKnownFileType = sourcecode.swift; path = SeasonMapper.swift; sourceTree = "<group>"; };
		646DB15426A3017F00CF520E /* MovieDetailHeaderView.swift */ = {isa = PBXFileReference; lastKnownFileType = sourcecode.swift; path = MovieDetailHeaderView.swift; sourceTree = "<group>"; };
		646DB15626A3079A00CF520E /* MovieCellViewModel.swift */ = {isa = PBXFileReference; lastKnownFileType = sourcecode.swift; path = MovieCellViewModel.swift; sourceTree = "<group>"; };
		646DB15C26A3297A00CF520E /* ActorCellViewModel.swift */ = {isa = PBXFileReference; lastKnownFileType = sourcecode.swift; path = ActorCellViewModel.swift; sourceTree = "<group>"; };
		646DB15E26A32A3000CF520E /* SeasonViewModel.swift */ = {isa = PBXFileReference; lastKnownFileType = sourcecode.swift; path = SeasonViewModel.swift; sourceTree = "<group>"; };
		646DB16026A32AFA00CF520E /* MovieDetailHeaderViewModel.swift */ = {isa = PBXFileReference; lastKnownFileType = sourcecode.swift; path = MovieDetailHeaderViewModel.swift; sourceTree = "<group>"; };
		646DB16326A43F9000CF520E /* Actor.swift */ = {isa = PBXFileReference; lastKnownFileType = sourcecode.swift; path = Actor.swift; sourceTree = "<group>"; };
		646DB16526A4404300CF520E /* Season.swift */ = {isa = PBXFileReference; lastKnownFileType = sourcecode.swift; path = Season.swift; sourceTree = "<group>"; };
		646DB16726A4408E00CF520E /* Serie.swift */ = {isa = PBXFileReference; lastKnownFileType = sourcecode.swift; path = Serie.swift; sourceTree = "<group>"; };
		646DB16926A443F300CF520E /* MockedData.swift */ = {isa = PBXFileReference; lastKnownFileType = sourcecode.swift; path = MockedData.swift; sourceTree = "<group>"; };
		646DB16B26A4464F00CF520E /* MockedMovieRepository.swift */ = {isa = PBXFileReference; lastKnownFileType = sourcecode.swift; path = MockedMovieRepository.swift; sourceTree = "<group>"; };
		646DB16D26A451E800CF520E /* HomeView.swift */ = {isa = PBXFileReference; lastKnownFileType = sourcecode.swift; path = HomeView.swift; sourceTree = "<group>"; };
		646DB17126A4653F00CF520E /* RealMovieRepository.swift */ = {isa = PBXFileReference; lastKnownFileType = sourcecode.swift; path = RealMovieRepository.swift; sourceTree = "<group>"; };
		646DB17526A6CB9C00CF520E /* Constants.swift */ = {isa = PBXFileReference; lastKnownFileType = sourcecode.swift; path = Constants.swift; sourceTree = "<group>"; };
		647CD85426C433EE009D0686 /* MovieInteractor.swift */ = {isa = PBXFileReference; lastKnownFileType = sourcecode.swift; path = MovieInteractor.swift; sourceTree = "<group>"; };
		647CD85826C442B5009D0686 /* DetailView.swift */ = {isa = PBXFileReference; lastKnownFileType = sourcecode.swift; path = DetailView.swift; sourceTree = "<group>"; };
/* End PBXFileReference section */

/* Begin PBXFrameworksBuildPhase section */
		6450727226A1C33F00427BEA /* Frameworks */ = {
			isa = PBXFrameworksBuildPhase;
			buildActionMask = 2147483647;
			files = (
				6450728B26A1C8EA00427BEA /* Kingfisher in Frameworks */,
			);
			runOnlyForDeploymentPostprocessing = 0;
		};
/* End PBXFrameworksBuildPhase section */

/* Begin PBXGroup section */
		6450726C26A1C33F00427BEA = {
			isa = PBXGroup;
			children = (
				6450727726A1C33F00427BEA /* MyMovieDB */,
				6450727626A1C33F00427BEA /* Products */,
			);
			sourceTree = "<group>";
		};
		6450727626A1C33F00427BEA /* Products */ = {
			isa = PBXGroup;
			children = (
				6450727526A1C33F00427BEA /* MyMovieDB.app */,
			);
			name = Products;
			sourceTree = "<group>";
		};
		6450727726A1C33F00427BEA /* MyMovieDB */ = {
			isa = PBXGroup;
			children = (
				6450727826A1C33F00427BEA /* MyMovieDBApp.swift */,
				6468FF4A26E63D940071FF45 /* AppState.swift */,
				6450727C26A1C34100427BEA /* Assets.xcassets */,
				6450728126A1C34100427BEA /* Info.plist */,
				6450727E26A1C34100427BEA /* Preview Content */,
				646DB15826A328A000CF520E /* Views */,
				646DB15926A328AD00CF520E /* ViewModels */,
				647CD85726C43C40009D0686 /* Interactors */,
				646DB16226A43F7900CF520E /* Models */,
				6468FF5426E6524A0071FF45 /* Mappers */,
				647CD85626C43C26009D0686 /* Repositories */,
				646DB16926A443F300CF520E /* MockedData.swift */,
				646DB17526A6CB9C00CF520E /* Constants.swift */,
				6468FF4C26E644630071FF45 /* JSONFetcher.swift */,
			);
			path = MyMovieDB;
			sourceTree = "<group>";
		};
		6450727E26A1C34100427BEA /* Preview Content */ = {
			isa = PBXGroup;
			children = (
				6450727F26A1C34100427BEA /* Preview Assets.xcassets */,
			);
			path = "Preview Content";
			sourceTree = "<group>";
		};
		6468FF5426E6524A0071FF45 /* Mappers */ = {
			isa = PBXGroup;
			children = (
				6468FF4E26E64F2B0071FF45 /* SerieMapper.swift */,
				6468FF5026E64F340071FF45 /* ActorMapper.swift */,
				6468FF5226E64F3D0071FF45 /* SeasonMapper.swift */,
			);
			path = Mappers;
			sourceTree = "<group>";
		};
		646DB15826A328A000CF520E /* Views */ = {
			isa = PBXGroup;
			children = (
				646DB16F26A456AB00CF520E /* Components */,
				646DB17026A456B500CF520E /* Screens */,
			);
			path = Views;
			sourceTree = "<group>";
		};
		646DB15926A328AD00CF520E /* ViewModels */ = {
			isa = PBXGroup;
			children = (
				646DB15626A3079A00CF520E /* MovieCellViewModel.swift */,
				646DB15C26A3297A00CF520E /* ActorCellViewModel.swift */,
				646DB15E26A32A3000CF520E /* SeasonViewModel.swift */,
				646DB16026A32AFA00CF520E /* MovieDetailHeaderViewModel.swift */,
			);
			path = ViewModels;
			sourceTree = "<group>";
		};
		646DB16226A43F7900CF520E /* Models */ = {
			isa = PBXGroup;
			children = (
				646DB16326A43F9000CF520E /* Actor.swift */,
				646DB16526A4404300CF520E /* Season.swift */,
				646DB16726A4408E00CF520E /* Serie.swift */,
			);
			path = Models;
			sourceTree = "<group>";
		};
		646DB16F26A456AB00CF520E /* Components */ = {
			isa = PBXGroup;
			children = (
				6450728726A1C74100427BEA /* MovieCell.swift */,
				6450728E26A1DAFA00427BEA /* ActorCell.swift */,
				6450728C26A1D16F00427BEA /* CircleProgressBar.swift */,
				6450729026A1F98100427BEA /* SeasonView.swift */,
				646DB15426A3017F00CF520E /* MovieDetailHeaderView.swift */,
			);
			path = Components;
			sourceTree = "<group>";
		};
		646DB17026A456B500CF520E /* Screens */ = {
			isa = PBXGroup;
			children = (
				646DB16D26A451E800CF520E /* HomeView.swift */,
				647CD85826C442B5009D0686 /* DetailView.swift */,
			);
			path = Screens;
			sourceTree = "<group>";
		};
		647CD85626C43C26009D0686 /* Repositories */ = {
			isa = PBXGroup;
			children = (
				646DB16B26A4464F00CF520E /* MockedMovieRepository.swift */,
				646DB17126A4653F00CF520E /* RealMovieRepository.swift */,
			);
			path = Repositories;
			sourceTree = "<group>";
		};
		647CD85726C43C40009D0686 /* Interactors */ = {
			isa = PBXGroup;
			children = (
				647CD85426C433EE009D0686 /* MovieInteractor.swift */,
			);
			path = Interactors;
			sourceTree = "<group>";
		};
/* End PBXGroup section */

/* Begin PBXNativeTarget section */
		6450727426A1C33F00427BEA /* MyMovieDB */ = {
			isa = PBXNativeTarget;
			buildConfigurationList = 6450728426A1C34100427BEA /* Build configuration list for PBXNativeTarget "MyMovieDB" */;
			buildPhases = (
				6450727126A1C33F00427BEA /* Sources */,
				6450727226A1C33F00427BEA /* Frameworks */,
				6450727326A1C33F00427BEA /* Resources */,
			);
			buildRules = (
			);
			dependencies = (
			);
			name = MyMovieDB;
			packageProductDependencies = (
				6450728A26A1C8EA00427BEA /* Kingfisher */,
			);
			productName = MyMovieDB;
			productReference = 6450727526A1C33F00427BEA /* MyMovieDB.app */;
			productType = "com.apple.product-type.application";
		};
/* End PBXNativeTarget section */

/* Begin PBXProject section */
		6450726D26A1C33F00427BEA /* Project object */ = {
			isa = PBXProject;
			attributes = {
				LastSwiftUpdateCheck = 1250;
				LastUpgradeCheck = 1250;
				TargetAttributes = {
					6450727426A1C33F00427BEA = {
						CreatedOnToolsVersion = 12.5.1;
					};
				};
			};
			buildConfigurationList = 6450727026A1C33F00427BEA /* Build configuration list for PBXProject "MyMovieDB" */;
			compatibilityVersion = "Xcode 9.3";
			developmentRegion = en;
			hasScannedForEncodings = 0;
			knownRegions = (
				en,
				Base,
			);
			mainGroup = 6450726C26A1C33F00427BEA;
			packageReferences = (
				6450728926A1C8EA00427BEA /* XCRemoteSwiftPackageReference "Kingfisher" */,
			);
			productRefGroup = 6450727626A1C33F00427BEA /* Products */;
			projectDirPath = "";
			projectRoot = "";
			targets = (
				6450727426A1C33F00427BEA /* MyMovieDB */,
			);
		};
/* End PBXProject section */

/* Begin PBXResourcesBuildPhase section */
		6450727326A1C33F00427BEA /* Resources */ = {
			isa = PBXResourcesBuildPhase;
			buildActionMask = 2147483647;
			files = (
				6450728026A1C34100427BEA /* Preview Assets.xcassets in Resources */,
				6450727D26A1C34100427BEA /* Assets.xcassets in Resources */,
			);
			runOnlyForDeploymentPostprocessing = 0;
		};
/* End PBXResourcesBuildPhase section */

/* Begin PBXSourcesBuildPhase section */
		6450727126A1C33F00427BEA /* Sources */ = {
			isa = PBXSourcesBuildPhase;
			buildActionMask = 2147483647;
			files = (
				646DB15F26A32A3000CF520E /* SeasonViewModel.swift in Sources */,
				6450727926A1C33F00427BEA /* MyMovieDBApp.swift in Sources */,
				6468FF4F26E64F2B0071FF45 /* SerieMapper.swift in Sources */,
				646DB16426A43F9000CF520E /* Actor.swift in Sources */,
				646DB16826A4408E00CF520E /* Serie.swift in Sources */,
				647CD85526C433EE009D0686 /* MovieInteractor.swift in Sources */,
				6468FF4D26E644630071FF45 /* JSONFetcher.swift in Sources */,
				646DB16E26A451E800CF520E /* HomeView.swift in Sources */,
				646DB15526A3017F00CF520E /* MovieDetailHeaderView.swift in Sources */,
				646DB15D26A3297A00CF520E /* ActorCellViewModel.swift in Sources */,
				6450728D26A1D16F00427BEA /* CircleProgressBar.swift in Sources */,
				6468FF4B26E63D940071FF45 /* AppState.swift in Sources */,
				646DB16A26A443F300CF520E /* MockedData.swift in Sources */,
				646DB16C26A4464F00CF520E /* MockedMovieRepository.swift in Sources */,
				6450729126A1F98100427BEA /* SeasonView.swift in Sources */,
				646DB16626A4404300CF520E /* Season.swift in Sources */,
				647CD85926C442B5009D0686 /* DetailView.swift in Sources */,
				6450728F26A1DAFA00427BEA /* ActorCell.swift in Sources */,
				6468FF5126E64F340071FF45 /* ActorMapper.swift in Sources */,
				646DB16126A32AFA00CF520E /* MovieDetailHeaderViewModel.swift in Sources */,
				646DB17226A4653F00CF520E /* RealMovieRepository.swift in Sources */,
				6450728826A1C74100427BEA /* MovieCell.swift in Sources */,
				6468FF5326E64F3D0071FF45 /* SeasonMapper.swift in Sources */,
				646DB15726A3079A00CF520E /* MovieCellViewModel.swift in Sources */,
				646DB17626A6CB9C00CF520E /* Constants.swift in Sources */,
			);
			runOnlyForDeploymentPostprocessing = 0;
		};
/* End PBXSourcesBuildPhase section */

/* Begin XCBuildConfiguration section */
		6450728226A1C34100427BEA /* Debug */ = {
			isa = XCBuildConfiguration;
			buildSettings = {
				ALWAYS_SEARCH_USER_PATHS = NO;
				CLANG_ANALYZER_NONNULL = YES;
				CLANG_ANALYZER_NUMBER_OBJECT_CONVERSION = YES_AGGRESSIVE;
				CLANG_CXX_LANGUAGE_STANDARD = "gnu++14";
				CLANG_CXX_LIBRARY = "libc++";
				CLANG_ENABLE_MODULES = YES;
				CLANG_ENABLE_OBJC_ARC = YES;
				CLANG_ENABLE_OBJC_WEAK = YES;
				CLANG_WARN_BLOCK_CAPTURE_AUTORELEASING = YES;
				CLANG_WARN_BOOL_CONVERSION = YES;
				CLANG_WARN_COMMA = YES;
				CLANG_WARN_CONSTANT_CONVERSION = YES;
				CLANG_WARN_DEPRECATED_OBJC_IMPLEMENTATIONS = YES;
				CLANG_WARN_DIRECT_OBJC_ISA_USAGE = YES_ERROR;
				CLANG_WARN_DOCUMENTATION_COMMENTS = YES;
				CLANG_WARN_EMPTY_BODY = YES;
				CLANG_WARN_ENUM_CONVERSION = YES;
				CLANG_WARN_INFINITE_RECURSION = YES;
				CLANG_WARN_INT_CONVERSION = YES;
				CLANG_WARN_NON_LITERAL_NULL_CONVERSION = YES;
				CLANG_WARN_OBJC_IMPLICIT_RETAIN_SELF = YES;
				CLANG_WARN_OBJC_LITERAL_CONVERSION = YES;
				CLANG_WARN_OBJC_ROOT_CLASS = YES_ERROR;
				CLANG_WARN_QUOTED_INCLUDE_IN_FRAMEWORK_HEADER = YES;
				CLANG_WARN_RANGE_LOOP_ANALYSIS = YES;
				CLANG_WARN_STRICT_PROTOTYPES = YES;
				CLANG_WARN_SUSPICIOUS_MOVE = YES;
				CLANG_WARN_UNGUARDED_AVAILABILITY = YES_AGGRESSIVE;
				CLANG_WARN_UNREACHABLE_CODE = YES;
				CLANG_WARN__DUPLICATE_METHOD_MATCH = YES;
				COPY_PHASE_STRIP = NO;
				DEBUG_INFORMATION_FORMAT = dwarf;
				ENABLE_STRICT_OBJC_MSGSEND = YES;
				ENABLE_TESTABILITY = YES;
				GCC_C_LANGUAGE_STANDARD = gnu11;
				GCC_DYNAMIC_NO_PIC = NO;
				GCC_NO_COMMON_BLOCKS = YES;
				GCC_OPTIMIZATION_LEVEL = 0;
				GCC_PREPROCESSOR_DEFINITIONS = (
					"DEBUG=1",
					"$(inherited)",
				);
				GCC_WARN_64_TO_32_BIT_CONVERSION = YES;
				GCC_WARN_ABOUT_RETURN_TYPE = YES_ERROR;
				GCC_WARN_UNDECLARED_SELECTOR = YES;
				GCC_WARN_UNINITIALIZED_AUTOS = YES_AGGRESSIVE;
				GCC_WARN_UNUSED_FUNCTION = YES;
				GCC_WARN_UNUSED_VARIABLE = YES;
				IPHONEOS_DEPLOYMENT_TARGET = 14.5;
				MTL_ENABLE_DEBUG_INFO = INCLUDE_SOURCE;
				MTL_FAST_MATH = YES;
				ONLY_ACTIVE_ARCH = YES;
				SDKROOT = iphoneos;
				SWIFT_ACTIVE_COMPILATION_CONDITIONS = DEBUG;
				SWIFT_OPTIMIZATION_LEVEL = "-Onone";
			};
			name = Debug;
		};
		6450728326A1C34100427BEA /* Release */ = {
			isa = XCBuildConfiguration;
			buildSettings = {
				ALWAYS_SEARCH_USER_PATHS = NO;
				CLANG_ANALYZER_NONNULL = YES;
				CLANG_ANALYZER_NUMBER_OBJECT_CONVERSION = YES_AGGRESSIVE;
				CLANG_CXX_LANGUAGE_STANDARD = "gnu++14";
				CLANG_CXX_LIBRARY = "libc++";
				CLANG_ENABLE_MODULES = YES;
				CLANG_ENABLE_OBJC_ARC = YES;
				CLANG_ENABLE_OBJC_WEAK = YES;
				CLANG_WARN_BLOCK_CAPTURE_AUTORELEASING = YES;
				CLANG_WARN_BOOL_CONVERSION = YES;
				CLANG_WARN_COMMA = YES;
				CLANG_WARN_CONSTANT_CONVERSION = YES;
				CLANG_WARN_DEPRECATED_OBJC_IMPLEMENTATIONS = YES;
				CLANG_WARN_DIRECT_OBJC_ISA_USAGE = YES_ERROR;
				CLANG_WARN_DOCUMENTATION_COMMENTS = YES;
				CLANG_WARN_EMPTY_BODY = YES;
				CLANG_WARN_ENUM_CONVERSION = YES;
				CLANG_WARN_INFINITE_RECURSION = YES;
				CLANG_WARN_INT_CONVERSION = YES;
				CLANG_WARN_NON_LITERAL_NULL_CONVERSION = YES;
				CLANG_WARN_OBJC_IMPLICIT_RETAIN_SELF = YES;
				CLANG_WARN_OBJC_LITERAL_CONVERSION = YES;
				CLANG_WARN_OBJC_ROOT_CLASS = YES_ERROR;
				CLANG_WARN_QUOTED_INCLUDE_IN_FRAMEWORK_HEADER = YES;
				CLANG_WARN_RANGE_LOOP_ANALYSIS = YES;
				CLANG_WARN_STRICT_PROTOTYPES = YES;
				CLANG_WARN_SUSPICIOUS_MOVE = YES;
				CLANG_WARN_UNGUARDED_AVAILABILITY = YES_AGGRESSIVE;
				CLANG_WARN_UNREACHABLE_CODE = YES;
				CLANG_WARN__DUPLICATE_METHOD_MATCH = YES;
				COPY_PHASE_STRIP = NO;
				DEBUG_INFORMATION_FORMAT = "dwarf-with-dsym";
				ENABLE_NS_ASSERTIONS = NO;
				ENABLE_STRICT_OBJC_MSGSEND = YES;
				GCC_C_LANGUAGE_STANDARD = gnu11;
				GCC_NO_COMMON_BLOCKS = YES;
				GCC_WARN_64_TO_32_BIT_CONVERSION = YES;
				GCC_WARN_ABOUT_RETURN_TYPE = YES_ERROR;
				GCC_WARN_UNDECLARED_SELECTOR = YES;
				GCC_WARN_UNINITIALIZED_AUTOS = YES_AGGRESSIVE;
				GCC_WARN_UNUSED_FUNCTION = YES;
				GCC_WARN_UNUSED_VARIABLE = YES;
				IPHONEOS_DEPLOYMENT_TARGET = 14.5;
				MTL_ENABLE_DEBUG_INFO = NO;
				MTL_FAST_MATH = YES;
				SDKROOT = iphoneos;
				SWIFT_COMPILATION_MODE = wholemodule;
				SWIFT_OPTIMIZATION_LEVEL = "-O";
				VALIDATE_PRODUCT = YES;
			};
			name = Release;
		};
		6450728526A1C34100427BEA /* Debug */ = {
			isa = XCBuildConfiguration;
			buildSettings = {
				ASSETCATALOG_COMPILER_APPICON_NAME = AppIcon;
				ASSETCATALOG_COMPILER_GLOBAL_ACCENT_COLOR_NAME = AccentColor;
				CODE_SIGN_STYLE = Automatic;
				DEVELOPMENT_ASSET_PATHS = "\"MyMovieDB/Preview Content\"";
				DEVELOPMENT_TEAM = F3QT4Z4R2K;
				ENABLE_PREVIEWS = YES;
				INFOPLIST_FILE = MyMovieDB/Info.plist;
				IPHONEOS_DEPLOYMENT_TARGET = 14.0;
				LD_RUNPATH_SEARCH_PATHS = (
					"$(inherited)",
					"@executable_path/Frameworks",
				);
				PRODUCT_BUNDLE_IDENTIFIER = com.quentin.MyMovieDB;
				PRODUCT_NAME = "$(TARGET_NAME)";
				SWIFT_VERSION = 5.0;
				TARGETED_DEVICE_FAMILY = "1,2";
			};
			name = Debug;
		};
		6450728626A1C34100427BEA /* Release */ = {
			isa = XCBuildConfiguration;
			buildSettings = {
				ASSETCATALOG_COMPILER_APPICON_NAME = AppIcon;
				ASSETCATALOG_COMPILER_GLOBAL_ACCENT_COLOR_NAME = AccentColor;
				CODE_SIGN_STYLE = Automatic;
				DEVELOPMENT_ASSET_PATHS = "\"MyMovieDB/Preview Content\"";
				DEVELOPMENT_TEAM = F3QT4Z4R2K;
				ENABLE_PREVIEWS = YES;
				INFOPLIST_FILE = MyMovieDB/Info.plist;
				IPHONEOS_DEPLOYMENT_TARGET = 14.0;
				LD_RUNPATH_SEARCH_PATHS = (
					"$(inherited)",
					"@executable_path/Frameworks",
				);
				PRODUCT_BUNDLE_IDENTIFIER = com.quentin.MyMovieDB;
				PRODUCT_NAME = "$(TARGET_NAME)";
				SWIFT_VERSION = 5.0;
				TARGETED_DEVICE_FAMILY = "1,2";
			};
			name = Release;
		};
/* End XCBuildConfiguration section */

/* Begin XCConfigurationList section */
		6450727026A1C33F00427BEA /* Build configuration list for PBXProject "MyMovieDB" */ = {
			isa = XCConfigurationList;
			buildConfigurations = (
				6450728226A1C34100427BEA /* Debug */,
				6450728326A1C34100427BEA /* Release */,
			);
			defaultConfigurationIsVisible = 0;
			defaultConfigurationName = Release;
		};
		6450728426A1C34100427BEA /* Build configuration list for PBXNativeTarget "MyMovieDB" */ = {
			isa = XCConfigurationList;
			buildConfigurations = (
				6450728526A1C34100427BEA /* Debug */,
				6450728626A1C34100427BEA /* Release */,
			);
			defaultConfigurationIsVisible = 0;
			defaultConfigurationName = Release;
		};
/* End XCConfigurationList section */

/* Begin XCRemoteSwiftPackageReference section */
		6450728926A1C8EA00427BEA /* XCRemoteSwiftPackageReference "Kingfisher" */ = {
			isa = XCRemoteSwiftPackageReference;
			repositoryURL = "https://github.com/onevcat/Kingfisher";
			requirement = {
				kind = upToNextMajorVersion;
				minimumVersion = 6.3.0;
			};
		};
/* End XCRemoteSwiftPackageReference section */

/* Begin XCSwiftPackageProductDependency section */
		6450728A26A1C8EA00427BEA /* Kingfisher */ = {
			isa = XCSwiftPackageProductDependency;
			package = 6450728926A1C8EA00427BEA /* XCRemoteSwiftPackageReference "Kingfisher" */;
			productName = Kingfisher;
		};
/* End XCSwiftPackageProductDependency section */
	};
	rootObject = 6450726D26A1C33F00427BEA /* Project object */;
}
