// !$*UTF8*$!
{
	archiveVersion = 1;
	classes = {
	};
	objectVersion = 52;
	objects = {

/* Begin PBXBuildFile section */
		6450727926A1C33F00427BEA /* MyMovieDBApp.swift in Sources */ = {isa = PBXBuildFile; fileRef = 6450727826A1C33F00427BEA /* MyMovieDBApp.swift */; };
		6450727B26A1C33F00427BEA /* ContentView.swift in Sources */ = {isa = PBXBuildFile; fileRef = 6450727A26A1C33F00427BEA /* ContentView.swift */; };
		6450727D26A1C34100427BEA /* Assets.xcassets in Resources */ = {isa = PBXBuildFile; fileRef = 6450727C26A1C34100427BEA /* Assets.xcassets */; };
		6450728026A1C34100427BEA /* Preview Assets.xcassets in Resources */ = {isa = PBXBuildFile; fileRef = 6450727F26A1C34100427BEA /* Preview Assets.xcassets */; };
		6450728826A1C74100427BEA /* MovieCell.swift in Sources */ = {isa = PBXBuildFile; fileRef = 6450728726A1C74100427BEA /* MovieCell.swift */; };
		6450728B26A1C8EA00427BEA /* Kingfisher in Frameworks */ = {isa = PBXBuildFile; productRef = 6450728A26A1C8EA00427BEA /* Kingfisher */; };
/* End PBXBuildFile section */

/* Begin PBXFileReference section */
		6450727526A1C33F00427BEA /* MyMovieDB.app */ = {isa = PBXFileReference; explicitFileType = wrapper.application; includeInIndex = 0; path = MyMovieDB.app; sourceTree = BUILT_PRODUCTS_DIR; };
		6450727826A1C33F00427BEA /* MyMovieDBApp.swift */ = {isa = PBXFileReference; lastKnownFileType = sourcecode.swift; path = MyMovieDBApp.swift; sourceTree = "<group>"; };
		6450727A26A1C33F00427BEA /* ContentView.swift */ = {isa = PBXFileReference; lastKnownFileType = sourcecode.swift; path = ContentView.swift; sourceTree = "<group>"; };
		6450727C26A1C34100427BEA /* Assets.xcassets */ = {isa = PBXFileReference; lastKnownFileType = folder.assetcatalog; path = Assets.xcassets; sourceTree = "<group>"; };
		6450727F26A1C34100427BEA /* Preview Assets.xcassets */ = {isa = PBXFileReference; lastKnownFileType = folder.assetcatalog; path = "Preview Assets.xcassets"; sourceTree = "<group>"; };
		6450728126A1C34100427BEA /* Info.plist */ = {isa = PBXFileReference; lastKnownFileType = text.plist.xml; path = Info.plist; sourceTree = "<group>"; };
		6450728726A1C74100427BEA /* MovieCell.swift */ = {isa = PBXFileReference; lastKnownFileType = sourcecode.swift; path = MovieCell.swift; sourceTree = "<group>"; };
/* End PBXFileReference section */

/* Begin PBXFrameworksBuildPhase section */
		6450727226A1C33F00427BEA /* Frameworks */ = {
			isa = PBXFrameworksBuildPhase;
			buildActionMask = 2147483647;
			files = (
				6450728B26A1C8EA00427BEA /* Kingfisher in Frameworks */,
			);
			runOnlyForDeploymentPostprocessing = 0;
		};
/* End PBXFrameworksBuildPhase section */

/* Begin PBXGroup section */
		6450726C26A1C33F00427BEA = {
			isa = PBXGroup;
			children = (
				6450727726A1C33F00427BEA /* MyMovieDB */,
				6450727626A1C33F00427BEA /* Products */,
			);
			sourceTree = "<group>";
		};
		6450727626A1C33F00427BEA /* Products */ = {
			isa = PBXGroup;
			children = (
				6450727526A1C33F00427BEA /* MyMovieDB.app */,
			);
			name = Products;
			sourceTree = "<group>";
		};
		6450727726A1C33F00427BEA /* MyMovieDB */ = {
			isa = PBXGroup;
			children = (
				6450727826A1C33F00427BEA /* MyMovieDBApp.swift */,
				6450727A26A1C33F00427BEA /* ContentView.swift */,
				6450727C26A1C34100427BEA /* Assets.xcassets */,
				6450728126A1C34100427BEA /* Info.plist */,
				6450727E26A1C34100427BEA /* Preview Content */,
				6450728726A1C74100427BEA /* MovieCell.swift */,
			);
			path = MyMovieDB;
			sourceTree = "<group>";
		};
		6450727E26A1C34100427BEA /* Preview Content */ = {
			isa = PBXGroup;
			children = (
				6450727F26A1C34100427BEA /* Preview Assets.xcassets */,
			);
			path = "Preview Content";
			sourceTree = "<group>";
		};
/* End PBXGroup section */

/* Begin PBXNativeTarget section */
		6450727426A1C33F00427BEA /* MyMovieDB */ = {
			isa = PBXNativeTarget;
			buildConfigurationList = 6450728426A1C34100427BEA /* Build configuration list for PBXNativeTarget "MyMovieDB" */;
			buildPhases = (
				6450727126A1C33F00427BEA /* Sources */,
				6450727226A1C33F00427BEA /* Frameworks */,
				6450727326A1C33F00427BEA /* Resources */,
			);
			buildRules = (
			);
			dependencies = (
			);
			name = MyMovieDB;
			packageProductDependencies = (
				6450728A26A1C8EA00427BEA /* Kingfisher */,
			);
			productName = MyMovieDB;
			productReference = 6450727526A1C33F00427BEA /* MyMovieDB.app */;
			productType = "com.apple.product-type.application";
		};
/* End PBXNativeTarget section */

/* Begin PBXProject section */
		6450726D26A1C33F00427BEA /* Project object */ = {
			isa = PBXProject;
			attributes = {
				LastSwiftUpdateCheck = 1250;
				LastUpgradeCheck = 1250;
				TargetAttributes = {
					6450727426A1C33F00427BEA = {
						CreatedOnToolsVersion = 12.5.1;
					};
				};
			};
			buildConfigurationList = 6450727026A1C33F00427BEA /* Build configuration list for PBXProject "MyMovieDB" */;
			compatibilityVersion = "Xcode 9.3";
			developmentRegion = en;
			hasScannedForEncodings = 0;
			knownRegions = (
				en,
				Base,
			);
			mainGroup = 6450726C26A1C33F00427BEA;
			packageReferences = (
				6450728926A1C8EA00427BEA /* XCRemoteSwiftPackageReference "Kingfisher" */,
			);
			productRefGroup = 6450727626A1C33F00427BEA /* Products */;
			projectDirPath = "";
			projectRoot = "";
			targets = (
				6450727426A1C33F00427BEA /* MyMovieDB */,
			);
		};
/* End PBXProject section */

/* Begin PBXResourcesBuildPhase section */
		6450727326A1C33F00427BEA /* Resources */ = {
			isa = PBXResourcesBuildPhase;
			buildActionMask = 2147483647;
			files = (
				6450728026A1C34100427BEA /* Preview Assets.xcassets in Resources */,
				6450727D26A1C34100427BEA /* Assets.xcassets in Resources */,
			);
			runOnlyForDeploymentPostprocessing = 0;
		};
/* End PBXResourcesBuildPhase section */

/* Begin PBXSourcesBuildPhase section */
		6450727126A1C33F00427BEA /* Sources */ = {
			isa = PBXSourcesBuildPhase;
			buildActionMask = 2147483647;
			files = (
				6450727B26A1C33F00427BEA /* ContentView.swift in Sources */,
				6450727926A1C33F00427BEA /* MyMovieDBApp.swift in Sources */,
				6450728826A1C74100427BEA /* MovieCell.swift in Sources */,
			);
			runOnlyForDeploymentPostprocessing = 0;
		};
/* End PBXSourcesBuildPhase section */

/* Begin XCBuildConfiguration section */
		6450728226A1C34100427BEA /* Debug */ = {
			isa = XCBuildConfiguration;
			buildSettings = {
				ALWAYS_SEARCH_USER_PATHS = NO;
				CLANG_ANALYZER_NONNULL = YES;
				CLANG_ANALYZER_NUMBER_OBJECT_CONVERSION = YES_AGGRESSIVE;
				CLANG_CXX_LANGUAGE_STANDARD = "gnu++14";
				CLANG_CXX_LIBRARY = "libc++";
				CLANG_ENABLE_MODULES = YES;
				CLANG_ENABLE_OBJC_ARC = YES;
				CLANG_ENABLE_OBJC_WEAK = YES;
				CLANG_WARN_BLOCK_CAPTURE_AUTORELEASING = YES;
				CLANG_WARN_BOOL_CONVERSION = YES;
				CLANG_WARN_COMMA = YES;
				CLANG_WARN_CONSTANT_CONVERSION = YES;
				CLANG_WARN_DEPRECATED_OBJC_IMPLEMENTATIONS = YES;
				CLANG_WARN_DIRECT_OBJC_ISA_USAGE = YES_ERROR;
				CLANG_WARN_DOCUMENTATION_COMMENTS = YES;
				CLANG_WARN_EMPTY_BODY = YES;
				CLANG_WARN_ENUM_CONVERSION = YES;
				CLANG_WARN_INFINITE_RECURSION = YES;
				CLANG_WARN_INT_CONVERSION = YES;
				CLANG_WARN_NON_LITERAL_NULL_CONVERSION = YES;
				CLANG_WARN_OBJC_IMPLICIT_RETAIN_SELF = YES;
				CLANG_WARN_OBJC_LITERAL_CONVERSION = YES;
				CLANG_WARN_OBJC_ROOT_CLASS = YES_ERROR;
				CLANG_WARN_QUOTED_INCLUDE_IN_FRAMEWORK_HEADER = YES;
				CLANG_WARN_RANGE_LOOP_ANALYSIS = YES;
				CLANG_WARN_STRICT_PROTOTYPES = YES;
				CLANG_WARN_SUSPICIOUS_MOVE = YES;
				CLANG_WARN_UNGUARDED_AVAILABILITY = YES_AGGRESSIVE;
				CLANG_WARN_UNREACHABLE_CODE = YES;
				CLANG_WARN__DUPLICATE_METHOD_MATCH = YES;
				COPY_PHASE_STRIP = NO;
				DEBUG_INFORMATION_FORMAT = dwarf;
				ENABLE_STRICT_OBJC_MSGSEND = YES;
				ENABLE_TESTABILITY = YES;
				GCC_C_LANGUAGE_STANDARD = gnu11;
				GCC_DYNAMIC_NO_PIC = NO;
				GCC_NO_COMMON_BLOCKS = YES;
				GCC_OPTIMIZATION_LEVEL = 0;
				GCC_PREPROCESSOR_DEFINITIONS = (
					"DEBUG=1",
					"$(inherited)",
				);
				GCC_WARN_64_TO_32_BIT_CONVERSION = YES;
				GCC_WARN_ABOUT_RETURN_TYPE = YES_ERROR;
				GCC_WARN_UNDECLARED_SELECTOR = YES;
				GCC_WARN_UNINITIALIZED_AUTOS = YES_AGGRESSIVE;
				GCC_WARN_UNUSED_FUNCTION = YES;
				GCC_WARN_UNUSED_VARIABLE = YES;
				IPHONEOS_DEPLOYMENT_TARGET = 14.5;
				MTL_ENABLE_DEBUG_INFO = INCLUDE_SOURCE;
				MTL_FAST_MATH = YES;
				ONLY_ACTIVE_ARCH = YES;
				SDKROOT = iphoneos;
				SWIFT_ACTIVE_COMPILATION_CONDITIONS = DEBUG;
				SWIFT_OPTIMIZATION_LEVEL = "-Onone";
			};
			name = Debug;
		};
		6450728326A1C34100427BEA /* Release */ = {
			isa = XCBuildConfiguration;
			buildSettings = {
				ALWAYS_SEARCH_USER_PATHS = NO;
				CLANG_ANALYZER_NONNULL = YES;
				CLANG_ANALYZER_NUMBER_OBJECT_CONVERSION = YES_AGGRESSIVE;
				CLANG_CXX_LANGUAGE_STANDARD = "gnu++14";
				CLANG_CXX_LIBRARY = "libc++";
				CLANG_ENABLE_MODULES = YES;
				CLANG_ENABLE_OBJC_ARC = YES;
				CLANG_ENABLE_OBJC_WEAK = YES;
				CLANG_WARN_BLOCK_CAPTURE_AUTORELEASING = YES;
				CLANG_WARN_BOOL_CONVERSION = YES;
				CLANG_WARN_COMMA = YES;
				CLANG_WARN_CONSTANT_CONVERSION = YES;
				CLANG_WARN_DEPRECATED_OBJC_IMPLEMENTATIONS = YES;
				CLANG_WARN_DIRECT_OBJC_ISA_USAGE = YES_ERROR;
				CLANG_WARN_DOCUMENTATION_COMMENTS = YES;
				CLANG_WARN_EMPTY_BODY = YES;
				CLANG_WARN_ENUM_CONVERSION = YES;
				CLANG_WARN_INFINITE_RECURSION = YES;
				CLANG_WARN_INT_CONVERSION = YES;
				CLANG_WARN_NON_LITERAL_NULL_CONVERSION = YES;
				CLANG_WARN_OBJC_IMPLICIT_RETAIN_SELF = YES;
				CLANG_WARN_OBJC_LITERAL_CONVERSION = YES;
				CLANG_WARN_OBJC_ROOT_CLASS = YES_ERROR;
				CLANG_WARN_QUOTED_INCLUDE_IN_FRAMEWORK_HEADER = YES;
				CLANG_WARN_RANGE_LOOP_ANALYSIS = YES;
				CLANG_WARN_STRICT_PROTOTYPES = YES;
				CLANG_WARN_SUSPICIOUS_MOVE = YES;
				CLANG_WARN_UNGUARDED_AVAILABILITY = YES_AGGRESSIVE;
				CLANG_WARN_UNREACHABLE_CODE = YES;
				CLANG_WARN__DUPLICATE_METHOD_MATCH = YES;
				COPY_PHASE_STRIP = NO;
				DEBUG_INFORMATION_FORMAT = "dwarf-with-dsym";
				ENABLE_NS_ASSERTIONS = NO;
				ENABLE_STRICT_OBJC_MSGSEND = YES;
				GCC_C_LANGUAGE_STANDARD = gnu11;
				GCC_NO_COMMON_BLOCKS = YES;
				GCC_WARN_64_TO_32_BIT_CONVERSION = YES;
				GCC_WARN_ABOUT_RETURN_TYPE = YES_ERROR;
				GCC_WARN_UNDECLARED_SELECTOR = YES;
				GCC_WARN_UNINITIALIZED_AUTOS = YES_AGGRESSIVE;
				GCC_WARN_UNUSED_FUNCTION = YES;
				GCC_WARN_UNUSED_VARIABLE = YES;
				IPHONEOS_DEPLOYMENT_TARGET = 14.5;
				MTL_ENABLE_DEBUG_INFO = NO;
				MTL_FAST_MATH = YES;
				SDKROOT = iphoneos;
				SWIFT_COMPILATION_MODE = wholemodule;
				SWIFT_OPTIMIZATION_LEVEL = "-O";
				VALIDATE_PRODUCT = YES;
			};
			name = Release;
		};
		6450728526A1C34100427BEA /* Debug */ = {
			isa = XCBuildConfiguration;
			buildSettings = {
				ASSETCATALOG_COMPILER_APPICON_NAME = AppIcon;
				ASSETCATALOG_COMPILER_GLOBAL_ACCENT_COLOR_NAME = AccentColor;
				CODE_SIGN_STYLE = Automatic;
				DEVELOPMENT_ASSET_PATHS = "\"MyMovieDB/Preview Content\"";
				DEVELOPMENT_TEAM = F3QT4Z4R2K;
				ENABLE_PREVIEWS = YES;
				INFOPLIST_FILE = MyMovieDB/Info.plist;
				IPHONEOS_DEPLOYMENT_TARGET = 14.0;
				LD_RUNPATH_SEARCH_PATHS = (
					"$(inherited)",
					"@executable_path/Frameworks",
				);
				PRODUCT_BUNDLE_IDENTIFIER = com.quentin.MyMovieDB;
				PRODUCT_NAME = "$(TARGET_NAME)";
				SWIFT_VERSION = 5.0;
				TARGETED_DEVICE_FAMILY = "1,2";
			};
			name = Debug;
		};
		6450728626A1C34100427BEA /* Release */ = {
			isa = XCBuildConfiguration;
			buildSettings = {
				ASSETCATALOG_COMPILER_APPICON_NAME = AppIcon;
				ASSETCATALOG_COMPILER_GLOBAL_ACCENT_COLOR_NAME = AccentColor;
				CODE_SIGN_STYLE = Automatic;
				DEVELOPMENT_ASSET_PATHS = "\"MyMovieDB/Preview Content\"";
				DEVELOPMENT_TEAM = F3QT4Z4R2K;
				ENABLE_PREVIEWS = YES;
				INFOPLIST_FILE = MyMovieDB/Info.plist;
				IPHONEOS_DEPLOYMENT_TARGET = 14.0;
				LD_RUNPATH_SEARCH_PATHS = (
					"$(inherited)",
					"@executable_path/Frameworks",
				);
				PRODUCT_BUNDLE_IDENTIFIER = com.quentin.MyMovieDB;
				PRODUCT_NAME = "$(TARGET_NAME)";
				SWIFT_VERSION = 5.0;
				TARGETED_DEVICE_FAMILY = "1,2";
			};
			name = Release;
		};
/* End XCBuildConfiguration section */

/* Begin XCConfigurationList section */
		6450727026A1C33F00427BEA /* Build configuration list for PBXProject "MyMovieDB" */ = {
			isa = XCConfigurationList;
			buildConfigurations = (
				6450728226A1C34100427BEA /* Debug */,
				6450728326A1C34100427BEA /* Release */,
			);
			defaultConfigurationIsVisible = 0;
			defaultConfigurationName = Release;
		};
		6450728426A1C34100427BEA /* Build configuration list for PBXNativeTarget "MyMovieDB" */ = {
			isa = XCConfigurationList;
			buildConfigurations = (
				6450728526A1C34100427BEA /* Debug */,
				6450728626A1C34100427BEA /* Release */,
			);
			defaultConfigurationIsVisible = 0;
			defaultConfigurationName = Release;
		};
/* End XCConfigurationList section */

/* Begin XCRemoteSwiftPackageReference section */
		6450728926A1C8EA00427BEA /* XCRemoteSwiftPackageReference "Kingfisher" */ = {
			isa = XCRemoteSwiftPackageReference;
			repositoryURL = "https://github.com/onevcat/Kingfisher";
			requirement = {
				kind = upToNextMajorVersion;
				minimumVersion = 6.3.0;
			};
		};
/* End XCRemoteSwiftPackageReference section */

/* Begin XCSwiftPackageProductDependency section */
		6450728A26A1C8EA00427BEA /* Kingfisher */ = {
			isa = XCSwiftPackageProductDependency;
			package = 6450728926A1C8EA00427BEA /* XCRemoteSwiftPackageReference "Kingfisher" */;
			productName = Kingfisher;
		};
/* End XCSwiftPackageProductDependency section */
	};
	rootObject = 6450726D26A1C33F00427BEA /* Project object */;
}
